
Microsoft Visual Studio Solution File, Format Version 12.00
# Visual Studio Version 16
VisualStudioVersion = 16.0.29728.190
MinimumVisualStudioVersion = 10.0.40219.1
Project("{FAE04EC0-301F-11D3-BF4B-00C04F79EFBC}") = "QuickBuy.Dominio", "QuickBuy.Dominio\QuickBuy.Dominio.csproj", "{6BFF6253-6084-459F-84A7-8F3C03BECCD9}"
EndProject
Project("{FAE04EC0-301F-11D3-BF4B-00C04F79EFBC}") = "QuickBuy.Repositorio", "QuickBuy.Repositorio\QuickBuy.Repositorio.csproj", "{274B7246-3952-495A-A940-CF63928CBD12}"
EndProject
Project("{FAE04EC0-301F-11D3-BF4B-00C04F79EFBC}") = "QuickBuy.Web", "QuickBuy.Web\QuickBuy.Web.csproj", "{CABE4309-8553-491D-B4FA-8F26CBE7A3D8}"
EndProject
Global
	GlobalSection(SolutionConfigurationPlatforms) = preSolution
		Debug|Any CPU = Debug|Any CPU
		Release|Any CPU = Release|Any CPU
	EndGlobalSection
	GlobalSection(ProjectConfigurationPlatforms) = postSolution
		{6BFF6253-6084-459F-84A7-8F3C03BECCD9}.Debug|Any CPU.ActiveCfg = Debug|Any CPU
		{6BFF6253-6084-459F-84A7-8F3C03BECCD9}.Debug|Any CPU.Build.0 = Debug|Any CPU
		{6BFF6253-6084-459F-84A7-8F3C03BECCD9}.Release|Any CPU.ActiveCfg = Release|Any CPU
		{6BFF6253-6084-459F-84A7-8F3C03BECCD9}.Release|Any CPU.Build.0 = Release|Any CPU
		{274B7246-3952-495A-A940-CF63928CBD12}.Debug|Any CPU.ActiveCfg = Debug|Any CPU
		{274B7246-3952-495A-A940-CF63928CBD12}.Debug|Any CPU.Build.0 = Debug|Any CPU
		{274B7246-3952-495A-A940-CF63928CBD12}.Release|Any CPU.ActiveCfg = Release|Any CPU
		{274B7246-3952-495A-A940-CF63928CBD12}.Release|Any CPU.Build.0 = Release|Any CPU
		{CABE4309-8553-491D-B4FA-8F26CBE7A3D8}.Debug|Any CPU.ActiveCfg = Debug|Any CPU
		{CABE4309-8553-491D-B4FA-8F26CBE7A3D8}.Debug|Any CPU.Build.0 = Debug|Any CPU
		{CABE4309-8553-491D-B4FA-8F26CBE7A3D8}.Release|Any CPU.ActiveCfg = Release|Any CPU
		{CABE4309-8553-491D-B4FA-8F26CBE7A3D8}.Release|Any CPU.Build.0 = Release|Any CPU
	EndGlobalSection
	GlobalSection(SolutionProperties) = preSolution
		HideSolutionNode = FALSE
	EndGlobalSection
	GlobalSection(ExtensibilityGlobals) = postSolution
		SolutionGuid = {2B327321-114F-4124-82DD-DE4688143392}
	EndGlobalSection
EndGlobal
